
Microsoft Visual Studio Solution File, Format Version 12.00
Project("{FAE04EC0-301F-11D3-BF4B-00C04F79EFBC}") = "AreaLib", "AreaLib\AreaLib.csproj", "{22342AE8-85C2-44AB-929F-DC3BCEE1BE18}"
EndProject
Project("{FAE04EC0-301F-11D3-BF4B-00C04F79EFBC}") = "AreaLibTest", "AreaLibTest\AreaLibTest.csproj", "{F38A1045-DB3F-4C25-B755-7D70068A7F2C}"
EndProject
Global
	GlobalSection(SolutionConfigurationPlatforms) = preSolution
		Debug|Any CPU = Debug|Any CPU
		Release|Any CPU = Release|Any CPU
	EndGlobalSection
	GlobalSection(ProjectConfigurationPlatforms) = postSolution
		{22342AE8-85C2-44AB-929F-DC3BCEE1BE18}.Debug|Any CPU.ActiveCfg = Debug|Any CPU
		{22342AE8-85C2-44AB-929F-DC3BCEE1BE18}.Debug|Any CPU.Build.0 = Debug|Any CPU
		{22342AE8-85C2-44AB-929F-DC3BCEE1BE18}.Release|Any CPU.ActiveCfg = Release|Any CPU
		{22342AE8-85C2-44AB-929F-DC3BCEE1BE18}.Release|Any CPU.Build.0 = Release|Any CPU
		{F38A1045-DB3F-4C25-B755-7D70068A7F2C}.Debug|Any CPU.ActiveCfg = Debug|Any CPU
		{F38A1045-DB3F-4C25-B755-7D70068A7F2C}.Debug|Any CPU.Build.0 = Debug|Any CPU
		{F38A1045-DB3F-4C25-B755-7D70068A7F2C}.Release|Any CPU.ActiveCfg = Release|Any CPU
		{F38A1045-DB3F-4C25-B755-7D70068A7F2C}.Release|Any CPU.Build.0 = Release|Any CPU
	EndGlobalSection
EndGlobal
